
Microsoft Visual Studio Solution File, Format Version 12.00
# Visual Studio Version 17
VisualStudioVersion = 17.5.002.0
MinimumVisualStudioVersion = 10.0.40219.1
Project("{9A19103F-16F7-4668-BE54-9A1E7A4F7556}") = "lab-5-piglatin-encoder-starlink200", "lab-5-piglatin-encoder-starlink200.csproj", "{A1BCCE83-D6F1-480B-9629-379A1B45A6CB}"
EndProject
Global
	GlobalSection(SolutionConfigurationPlatforms) = preSolution
		Debug|Any CPU = Debug|Any CPU
		Release|Any CPU = Release|Any CPU
	EndGlobalSection
	GlobalSection(ProjectConfigurationPlatforms) = postSolution
		{A1BCCE83-D6F1-480B-9629-379A1B45A6CB}.Debug|Any CPU.ActiveCfg = Debug|Any CPU
		{A1BCCE83-D6F1-480B-9629-379A1B45A6CB}.Debug|Any CPU.Build.0 = Debug|Any CPU
		{A1BCCE83-D6F1-480B-9629-379A1B45A6CB}.Release|Any CPU.ActiveCfg = Release|Any CPU
		{A1BCCE83-D6F1-480B-9629-379A1B45A6CB}.Release|Any CPU.Build.0 = Release|Any CPU
	EndGlobalSection
	GlobalSection(SolutionProperties) = preSolution
		HideSolutionNode = FALSE
	EndGlobalSection
	GlobalSection(ExtensibilityGlobals) = postSolution
		SolutionGuid = {BF128637-059F-4D90-A38D-61AE76DBB6F1}
	EndGlobalSection
EndGlobal
